// !$*UTF8*$!
{
	archiveVersion = 1;
	classes = {
	};
	objectVersion = 46;
	objects = {

/* Begin PBXBuildFile section */
		D35497091C293B10006B23CD /* sr_refresh.png in Resources */ = {isa = PBXBuildFile; fileRef = D35497021C293B10006B23CD /* sr_refresh.png */; };
		D354970A1C293B10006B23CD /* sr_refresh@2x.png in Resources */ = {isa = PBXBuildFile; fileRef = D35497031C293B10006B23CD /* sr_refresh@2x.png */; };
		D354970B1C293B10006B23CD /* SRSlimeView.m in Sources */ = {isa = PBXBuildFile; fileRef = D35497051C293B10006B23CD /* SRSlimeView.m */; };
		D354970C1C293B10006B23CD /* SRRefreshView.m in Sources */ = {isa = PBXBuildFile; fileRef = D35497071C293B10006B23CD /* SRRefreshView.m */; };
		D3682B361C27ADB000333476 /* DownLoadManager.m in Sources */ = {isa = PBXBuildFile; fileRef = D3682B351C27ADB000333476 /* DownLoadManager.m */; };
		D3682B3B1C27AE9500333476 /* huatipinglunModelBaseClass.m in Sources */ = {isa = PBXBuildFile; fileRef = D3682B381C27AE9400333476 /* huatipinglunModelBaseClass.m */; };
		D3682B3C1C27AE9500333476 /* huatipinglunModelRes.m in Sources */ = {isa = PBXBuildFile; fileRef = D3682B3A1C27AE9500333476 /* huatipinglunModelRes.m */; };
		D3682B3F1C27ED4300333476 /* HYCircleLoadingView.m in Sources */ = {isa = PBXBuildFile; fileRef = D3682B3E1C27ED4300333476 /* HYCircleLoadingView.m */; };
		D3F84A591BFAC86300541D4E /* main.m in Sources */ = {isa = PBXBuildFile; fileRef = D3F84A581BFAC86300541D4E /* main.m */; };
		D3F84A5C1BFAC86300541D4E /* AppDelegate.m in Sources */ = {isa = PBXBuildFile; fileRef = D3F84A5B1BFAC86300541D4E /* AppDelegate.m */; };
		D3F84A5F1BFAC86300541D4E /* ViewController.m in Sources */ = {isa = PBXBuildFile; fileRef = D3F84A5E1BFAC86300541D4E /* ViewController.m */; };
		D3F84A621BFAC86300541D4E /* Main.storyboard in Resources */ = {isa = PBXBuildFile; fileRef = D3F84A601BFAC86300541D4E /* Main.storyboard */; };
		D3F84A641BFAC86300541D4E /* Assets.xcassets in Resources */ = {isa = PBXBuildFile; fileRef = D3F84A631BFAC86300541D4E /* Assets.xcassets */; };
		D3F84A671BFAC86300541D4E /* LaunchScreen.storyboard in Resources */ = {isa = PBXBuildFile; fileRef = D3F84A651BFAC86300541D4E /* LaunchScreen.storyboard */; };
		D3F84A841BFACE2500541D4E /* AFHTTPRequestOperation.m in Sources */ = {isa = PBXBuildFile; fileRef = D3F84A701BFACE2500541D4E /* AFHTTPRequestOperation.m */; };
		D3F84A851BFACE2500541D4E /* AFHTTPRequestOperationManager.m in Sources */ = {isa = PBXBuildFile; fileRef = D3F84A721BFACE2500541D4E /* AFHTTPRequestOperationManager.m */; };
		D3F84A861BFACE2500541D4E /* AFHTTPSessionManager.m in Sources */ = {isa = PBXBuildFile; fileRef = D3F84A741BFACE2500541D4E /* AFHTTPSessionManager.m */; };
		D3F84A871BFACE2500541D4E /* AFNetworkReachabilityManager.m in Sources */ = {isa = PBXBuildFile; fileRef = D3F84A771BFACE2500541D4E /* AFNetworkReachabilityManager.m */; };
		D3F84A881BFACE2500541D4E /* AFSecurityPolicy.m in Sources */ = {isa = PBXBuildFile; fileRef = D3F84A791BFACE2500541D4E /* AFSecurityPolicy.m */; };
		D3F84A891BFACE2500541D4E /* AFURLConnectionOperation.m in Sources */ = {isa = PBXBuildFile; fileRef = D3F84A7B1BFACE2500541D4E /* AFURLConnectionOperation.m */; };
		D3F84A8A1BFACE2500541D4E /* AFURLRequestSerialization.m in Sources */ = {isa = PBXBuildFile; fileRef = D3F84A7D1BFACE2500541D4E /* AFURLRequestSerialization.m */; };
		D3F84A8B1BFACE2500541D4E /* AFURLResponseSerialization.m in Sources */ = {isa = PBXBuildFile; fileRef = D3F84A7F1BFACE2500541D4E /* AFURLResponseSerialization.m */; };
		D3F84A8C1BFACE2500541D4E /* AFURLSessionManager.m in Sources */ = {isa = PBXBuildFile; fileRef = D3F84A811BFACE2500541D4E /* AFURLSessionManager.m */; };
		D3F84A8D1BFACE2500541D4E /* Reachability.m in Sources */ = {isa = PBXBuildFile; fileRef = D3F84A831BFACE2500541D4E /* Reachability.m */; settings = {COMPILER_FLAGS = "-fno-objc-arc"; }; };
/* End PBXBuildFile section */

/* Begin PBXFileReference section */
		D35497021C293B10006B23CD /* sr_refresh.png */ = {isa = PBXFileReference; lastKnownFileType = image.png; path = sr_refresh.png; sourceTree = "<group>"; };
		D35497031C293B10006B23CD /* sr_refresh@2x.png */ = {isa = PBXFileReference; lastKnownFileType = image.png; path = "sr_refresh@2x.png"; sourceTree = "<group>"; };
		D35497041C293B10006B23CD /* SRSlimeView.h */ = {isa = PBXFileReference; fileEncoding = 4; lastKnownFileType = sourcecode.c.h; path = SRSlimeView.h; sourceTree = "<group>"; };
		D35497051C293B10006B23CD /* SRSlimeView.m */ = {isa = PBXFileReference; fileEncoding = 4; lastKnownFileType = sourcecode.c.objc; path = SRSlimeView.m; sourceTree = "<group>"; };
		D35497061C293B10006B23CD /* SRRefreshView.h */ = {isa = PBXFileReference; fileEncoding = 4; lastKnownFileType = sourcecode.c.h; path = SRRefreshView.h; sourceTree = "<group>"; };
		D35497071C293B10006B23CD /* SRRefreshView.m */ = {isa = PBXFileReference; fileEncoding = 4; lastKnownFileType = sourcecode.c.objc; path = SRRefreshView.m; sourceTree = "<group>"; };
		D35497081C293B10006B23CD /* SRDefine.h */ = {isa = PBXFileReference; fileEncoding = 4; lastKnownFileType = sourcecode.c.h; path = SRDefine.h; sourceTree = "<group>"; };
		D3682B341C27ADB000333476 /* DownLoadManager.h */ = {isa = PBXFileReference; fileEncoding = 4; lastKnownFileType = sourcecode.c.h; path = DownLoadManager.h; sourceTree = "<group>"; };
		D3682B351C27ADB000333476 /* DownLoadManager.m */ = {isa = PBXFileReference; fileEncoding = 4; lastKnownFileType = sourcecode.c.objc; path = DownLoadManager.m; sourceTree = "<group>"; };
		D3682B371C27AE9400333476 /* huatipinglunModelBaseClass.h */ = {isa = PBXFileReference; fileEncoding = 4; lastKnownFileType = sourcecode.c.h; path = huatipinglunModelBaseClass.h; sourceTree = "<group>"; };
		D3682B381C27AE9400333476 /* huatipinglunModelBaseClass.m */ = {isa = PBXFileReference; fileEncoding = 4; lastKnownFileType = sourcecode.c.objc; path = huatipinglunModelBaseClass.m; sourceTree = "<group>"; };
		D3682B391C27AE9400333476 /* huatipinglunModelRes.h */ = {isa = PBXFileReference; fileEncoding = 4; lastKnownFileType = sourcecode.c.h; path = huatipinglunModelRes.h; sourceTree = "<group>"; };
		D3682B3A1C27AE9500333476 /* huatipinglunModelRes.m */ = {isa = PBXFileReference; fileEncoding = 4; lastKnownFileType = sourcecode.c.objc; path = huatipinglunModelRes.m; sourceTree = "<group>"; };
		D3682B3D1C27ED4300333476 /* HYCircleLoadingView.h */ = {isa = PBXFileReference; fileEncoding = 4; lastKnownFileType = sourcecode.c.h; path = HYCircleLoadingView.h; sourceTree = "<group>"; };
		D3682B3E1C27ED4300333476 /* HYCircleLoadingView.m */ = {isa = PBXFileReference; fileEncoding = 4; lastKnownFileType = sourcecode.c.objc; path = HYCircleLoadingView.m; sourceTree = "<group>"; };
		D3F84A541BFAC86200541D4E /* 刷新.app */ = {isa = PBXFileReference; explicitFileType = wrapper.application; includeInIndex = 0; path = "刷新.app"; sourceTree = BUILT_PRODUCTS_DIR; };
		D3F84A581BFAC86300541D4E /* main.m */ = {isa = PBXFileReference; lastKnownFileType = sourcecode.c.objc; path = main.m; sourceTree = "<group>"; };
		D3F84A5A1BFAC86300541D4E /* AppDelegate.h */ = {isa = PBXFileReference; lastKnownFileType = sourcecode.c.h; path = AppDelegate.h; sourceTree = "<group>"; };
		D3F84A5B1BFAC86300541D4E /* AppDelegate.m */ = {isa = PBXFileReference; lastKnownFileType = sourcecode.c.objc; path = AppDelegate.m; sourceTree = "<group>"; };
		D3F84A5D1BFAC86300541D4E /* ViewController.h */ = {isa = PBXFileReference; lastKnownFileType = sourcecode.c.h; path = ViewController.h; sourceTree = "<group>"; };
		D3F84A5E1BFAC86300541D4E /* ViewController.m */ = {isa = PBXFileReference; lastKnownFileType = sourcecode.c.objc; path = ViewController.m; sourceTree = "<group>"; };
		D3F84A611BFAC86300541D4E /* Base */ = {isa = PBXFileReference; lastKnownFileType = file.storyboard; name = Base; path = Base.lproj/Main.storyboard; sourceTree = "<group>"; };
		D3F84A631BFAC86300541D4E /* Assets.xcassets */ = {isa = PBXFileReference; lastKnownFileType = folder.assetcatalog; path = Assets.xcassets; sourceTree = "<group>"; };
		D3F84A661BFAC86300541D4E /* Base */ = {isa = PBXFileReference; lastKnownFileType = file.storyboard; name = Base; path = Base.lproj/LaunchScreen.storyboard; sourceTree = "<group>"; };
		D3F84A681BFAC86300541D4E /* Info.plist */ = {isa = PBXFileReference; lastKnownFileType = text.plist.xml; path = Info.plist; sourceTree = "<group>"; };
		D3F84A6F1BFACE2500541D4E /* AFHTTPRequestOperation.h */ = {isa = PBXFileReference; fileEncoding = 4; lastKnownFileType = sourcecode.c.h; path = AFHTTPRequestOperation.h; sourceTree = "<group>"; };
		D3F84A701BFACE2500541D4E /* AFHTTPRequestOperation.m */ = {isa = PBXFileReference; fileEncoding = 4; lastKnownFileType = sourcecode.c.objc; path = AFHTTPRequestOperation.m; sourceTree = "<group>"; };
		D3F84A711BFACE2500541D4E /* AFHTTPRequestOperationManager.h */ = {isa = PBXFileReference; fileEncoding = 4; lastKnownFileType = sourcecode.c.h; path = AFHTTPRequestOperationManager.h; sourceTree = "<group>"; };
		D3F84A721BFACE2500541D4E /* AFHTTPRequestOperationManager.m */ = {isa = PBXFileReference; fileEncoding = 4; lastKnownFileType = sourcecode.c.objc; path = AFHTTPRequestOperationManager.m; sourceTree = "<group>"; };
		D3F84A731BFACE2500541D4E /* AFHTTPSessionManager.h */ = {isa = PBXFileReference; fileEncoding = 4; lastKnownFileType = sourcecode.c.h; path = AFHTTPSessionManager.h; sourceTree = "<group>"; };
		D3F84A741BFACE2500541D4E /* AFHTTPSessionManager.m */ = {isa = PBXFileReference; fileEncoding = 4; lastKnownFileType = sourcecode.c.objc; path = AFHTTPSessionManager.m; sourceTree = "<group>"; };
		D3F84A751BFACE2500541D4E /* AFNetworking.h */ = {isa = PBXFileReference; fileEncoding = 4; lastKnownFileType = sourcecode.c.h; path = AFNetworking.h; sourceTree = "<group>"; };
		D3F84A761BFACE2500541D4E /* AFNetworkReachabilityManager.h */ = {isa = PBXFileReference; fileEncoding = 4; lastKnownFileType = sourcecode.c.h; path = AFNetworkReachabilityManager.h; sourceTree = "<group>"; };
		D3F84A771BFACE2500541D4E /* AFNetworkReachabilityManager.m */ = {isa = PBXFileReference; fileEncoding = 4; lastKnownFileType = sourcecode.c.objc; path = AFNetworkReachabilityManager.m; sourceTree = "<group>"; };
		D3F84A781BFACE2500541D4E /* AFSecurityPolicy.h */ = {isa = PBXFileReference; fileEncoding = 4; lastKnownFileType = sourcecode.c.h; path = AFSecurityPolicy.h; sourceTree = "<group>"; };
		D3F84A791BFACE2500541D4E /* AFSecurityPolicy.m */ = {isa = PBXFileReference; fileEncoding = 4; lastKnownFileType = sourcecode.c.objc; path = AFSecurityPolicy.m; sourceTree = "<group>"; };
		D3F84A7A1BFACE2500541D4E /* AFURLConnectionOperation.h */ = {isa = PBXFileReference; fileEncoding = 4; lastKnownFileType = sourcecode.c.h; path = AFURLConnectionOperation.h; sourceTree = "<group>"; };
		D3F84A7B1BFACE2500541D4E /* AFURLConnectionOperation.m */ = {isa = PBXFileReference; fileEncoding = 4; lastKnownFileType = sourcecode.c.objc; path = AFURLConnectionOperation.m; sourceTree = "<group>"; };
		D3F84A7C1BFACE2500541D4E /* AFURLRequestSerialization.h */ = {isa = PBXFileReference; fileEncoding = 4; lastKnownFileType = sourcecode.c.h; path = AFURLRequestSerialization.h; sourceTree = "<group>"; };
		D3F84A7D1BFACE2500541D4E /* AFURLRequestSerialization.m */ = {isa = PBXFileReference; fileEncoding = 4; lastKnownFileType = sourcecode.c.objc; path = AFURLRequestSerialization.m; sourceTree = "<group>"; };
		D3F84A7E1BFACE2500541D4E /* AFURLResponseSerialization.h */ = {isa = PBXFileReference; fileEncoding = 4; lastKnownFileType = sourcecode.c.h; path = AFURLResponseSerialization.h; sourceTree = "<group>"; };
		D3F84A7F1BFACE2500541D4E /* AFURLResponseSerialization.m */ = {isa = PBXFileReference; fileEncoding = 4; lastKnownFileType = sourcecode.c.objc; path = AFURLResponseSerialization.m; sourceTree = "<group>"; };
		D3F84A801BFACE2500541D4E /* AFURLSessionManager.h */ = {isa = PBXFileReference; fileEncoding = 4; lastKnownFileType = sourcecode.c.h; path = AFURLSessionManager.h; sourceTree = "<group>"; };
		D3F84A811BFACE2500541D4E /* AFURLSessionManager.m */ = {isa = PBXFileReference; fileEncoding = 4; lastKnownFileType = sourcecode.c.objc; path = AFURLSessionManager.m; sourceTree = "<group>"; };
		D3F84A821BFACE2500541D4E /* Reachability.h */ = {isa = PBXFileReference; fileEncoding = 4; lastKnownFileType = sourcecode.c.h; path = Reachability.h; sourceTree = "<group>"; };
		D3F84A831BFACE2500541D4E /* Reachability.m */ = {isa = PBXFileReference; fileEncoding = 4; lastKnownFileType = sourcecode.c.objc; path = Reachability.m; sourceTree = "<group>"; };
/* End PBXFileReference section */

/* Begin PBXFrameworksBuildPhase section */
		D3F84A511BFAC86200541D4E /* Frameworks */ = {
			isa = PBXFrameworksBuildPhase;
			buildActionMask = 2147483647;
			files = (
			);
			runOnlyForDeploymentPostprocessing = 0;
		};
/* End PBXFrameworksBuildPhase section */

/* Begin PBXGroup section */
		D3F84A4B1BFAC86200541D4E = {
			isa = PBXGroup;
			children = (
				D3F84A561BFAC86200541D4E /* 刷新 */,
				D3F84A551BFAC86200541D4E /* Products */,
			);
			sourceTree = "<group>";
		};
		D3F84A551BFAC86200541D4E /* Products */ = {
			isa = PBXGroup;
			children = (
				D3F84A541BFAC86200541D4E /* 刷新.app */,
			);
			name = Products;
			sourceTree = "<group>";
		};
		D3F84A561BFAC86200541D4E /* 刷新 */ = {
			isa = PBXGroup;
			children = (
				D35497021C293B10006B23CD /* sr_refresh.png */,
				D35497031C293B10006B23CD /* sr_refresh@2x.png */,
				D35497041C293B10006B23CD /* SRSlimeView.h */,
				D35497051C293B10006B23CD /* SRSlimeView.m */,
				D35497061C293B10006B23CD /* SRRefreshView.h */,
				D35497071C293B10006B23CD /* SRRefreshView.m */,
				D35497081C293B10006B23CD /* SRDefine.h */,
				D3F84A5A1BFAC86300541D4E /* AppDelegate.h */,
				D3F84A5B1BFAC86300541D4E /* AppDelegate.m */,
				D3682B341C27ADB000333476 /* DownLoadManager.h */,
				D3682B351C27ADB000333476 /* DownLoadManager.m */,
				D3F84A5D1BFAC86300541D4E /* ViewController.h */,
				D3F84A5E1BFAC86300541D4E /* ViewController.m */,
				D3682B3D1C27ED4300333476 /* HYCircleLoadingView.h */,
				D3682B3E1C27ED4300333476 /* HYCircleLoadingView.m */,
				D3682B371C27AE9400333476 /* huatipinglunModelBaseClass.h */,
				D3682B381C27AE9400333476 /* huatipinglunModelBaseClass.m */,
				D3682B391C27AE9400333476 /* huatipinglunModelRes.h */,
				D3682B3A1C27AE9500333476 /* huatipinglunModelRes.m */,
				D3F84A6E1BFACE2500541D4E /* AFNetworking */,
				D3F84A601BFAC86300541D4E /* Main.storyboard */,
				D3F84A631BFAC86300541D4E /* Assets.xcassets */,
				D3F84A651BFAC86300541D4E /* LaunchScreen.storyboard */,
				D3F84A681BFAC86300541D4E /* Info.plist */,
				D3F84A571BFAC86200541D4E /* Supporting Files */,
			);
			path = "刷新";
			sourceTree = "<group>";
		};
		D3F84A571BFAC86200541D4E /* Supporting Files */ = {
			isa = PBXGroup;
			children = (
				D3F84A581BFAC86300541D4E /* main.m */,
			);
			name = "Supporting Files";
			sourceTree = "<group>";
		};
		D3F84A6E1BFACE2500541D4E /* AFNetworking */ = {
			isa = PBXGroup;
			children = (
				D3F84A6F1BFACE2500541D4E /* AFHTTPRequestOperation.h */,
				D3F84A701BFACE2500541D4E /* AFHTTPRequestOperation.m */,
				D3F84A711BFACE2500541D4E /* AFHTTPRequestOperationManager.h */,
				D3F84A721BFACE2500541D4E /* AFHTTPRequestOperationManager.m */,
				D3F84A731BFACE2500541D4E /* AFHTTPSessionManager.h */,
				D3F84A741BFACE2500541D4E /* AFHTTPSessionManager.m */,
				D3F84A751BFACE2500541D4E /* AFNetworking.h */,
				D3F84A761BFACE2500541D4E /* AFNetworkReachabilityManager.h */,
				D3F84A771BFACE2500541D4E /* AFNetworkReachabilityManager.m */,
				D3F84A781BFACE2500541D4E /* AFSecurityPolicy.h */,
				D3F84A791BFACE2500541D4E /* AFSecurityPolicy.m */,
				D3F84A7A1BFACE2500541D4E /* AFURLConnectionOperation.h */,
				D3F84A7B1BFACE2500541D4E /* AFURLConnectionOperation.m */,
				D3F84A7C1BFACE2500541D4E /* AFURLRequestSerialization.h */,
				D3F84A7D1BFACE2500541D4E /* AFURLRequestSerialization.m */,
				D3F84A7E1BFACE2500541D4E /* AFURLResponseSerialization.h */,
				D3F84A7F1BFACE2500541D4E /* AFURLResponseSerialization.m */,
				D3F84A801BFACE2500541D4E /* AFURLSessionManager.h */,
				D3F84A811BFACE2500541D4E /* AFURLSessionManager.m */,
				D3F84A821BFACE2500541D4E /* Reachability.h */,
				D3F84A831BFACE2500541D4E /* Reachability.m */,
			);
			path = AFNetworking;
			sourceTree = "<group>";
		};
/* End PBXGroup section */

/* Begin PBXNativeTarget section */
		D3F84A531BFAC86200541D4E /* 刷新 */ = {
			isa = PBXNativeTarget;
			buildConfigurationList = D3F84A6B1BFAC86300541D4E /* Build configuration list for PBXNativeTarget "刷新" */;
			buildPhases = (
				D3F84A501BFAC86200541D4E /* Sources */,
				D3F84A511BFAC86200541D4E /* Frameworks */,
				D3F84A521BFAC86200541D4E /* Resources */,
			);
			buildRules = (
			);
			dependencies = (
			);
			name = "刷新";
			productName = "刷新";
			productReference = D3F84A541BFAC86200541D4E /* 刷新.app */;
			productType = "com.apple.product-type.application";
		};
/* End PBXNativeTarget section */

/* Begin PBXProject section */
		D3F84A4C1BFAC86200541D4E /* Project object */ = {
			isa = PBXProject;
			attributes = {
				LastUpgradeCheck = 0710;
				ORGANIZATIONNAME = "刘文辽";
				TargetAttributes = {
					D3F84A531BFAC86200541D4E = {
						CreatedOnToolsVersion = 7.1;
						DevelopmentTeam = SDJ7297WVL;
					};
				};
			};
			buildConfigurationList = D3F84A4F1BFAC86200541D4E /* Build configuration list for PBXProject "刷新" */;
			compatibilityVersion = "Xcode 3.2";
			developmentRegion = English;
			hasScannedForEncodings = 0;
			knownRegions = (
				en,
				Base,
			);
			mainGroup = D3F84A4B1BFAC86200541D4E;
			productRefGroup = D3F84A551BFAC86200541D4E /* Products */;
			projectDirPath = "";
			projectRoot = "";
			targets = (
				D3F84A531BFAC86200541D4E /* 刷新 */,
			);
		};
/* End PBXProject section */

/* Begin PBXResourcesBuildPhase section */
		D3F84A521BFAC86200541D4E /* Resources */ = {
			isa = PBXResourcesBuildPhase;
			buildActionMask = 2147483647;
			files = (
				D35497091C293B10006B23CD /* sr_refresh.png in Resources */,
				D354970A1C293B10006B23CD /* sr_refresh@2x.png in Resources */,
				D3F84A671BFAC86300541D4E /* LaunchScreen.storyboard in Resources */,
				D3F84A641BFAC86300541D4E /* Assets.xcassets in Resources */,
				D3F84A621BFAC86300541D4E /* Main.storyboard in Resources */,
			);
			runOnlyForDeploymentPostprocessing = 0;
		};
/* End PBXResourcesBuildPhase section */

/* Begin PBXSourcesBuildPhase section */
		D3F84A501BFAC86200541D4E /* Sources */ = {
			isa = PBXSourcesBuildPhase;
			buildActionMask = 2147483647;
			files = (
				D3F84A8D1BFACE2500541D4E /* Reachability.m in Sources */,
				D3F84A841BFACE2500541D4E /* AFHTTPRequestOperation.m in Sources */,
				D3682B3F1C27ED4300333476 /* HYCircleLoadingView.m in Sources */,
				D3F84A5F1BFAC86300541D4E /* ViewController.m in Sources */,
				D3682B361C27ADB000333476 /* DownLoadManager.m in Sources */,
				D3682B3C1C27AE9500333476 /* huatipinglunModelRes.m in Sources */,
				D3F84A851BFACE2500541D4E /* AFHTTPRequestOperationManager.m in Sources */,
				D3682B3B1C27AE9500333476 /* huatipinglunModelBaseClass.m in Sources */,
				D354970B1C293B10006B23CD /* SRSlimeView.m in Sources */,
				D3F84A871BFACE2500541D4E /* AFNetworkReachabilityManager.m in Sources */,
				D3F84A8B1BFACE2500541D4E /* AFURLResponseSerialization.m in Sources */,
				D354970C1C293B10006B23CD /* SRRefreshView.m in Sources */,
				D3F84A891BFACE2500541D4E /* AFURLConnectionOperation.m in Sources */,
				D3F84A881BFACE2500541D4E /* AFSecurityPolicy.m in Sources */,
				D3F84A861BFACE2500541D4E /* AFHTTPSessionManager.m in Sources */,
				D3F84A8A1BFACE2500541D4E /* AFURLRequestSerialization.m in Sources */,
				D3F84A8C1BFACE2500541D4E /* AFURLSessionManager.m in Sources */,
				D3F84A5C1BFAC86300541D4E /* AppDelegate.m in Sources */,
				D3F84A591BFAC86300541D4E /* main.m in Sources */,
			);
			runOnlyForDeploymentPostprocessing = 0;
		};
/* End PBXSourcesBuildPhase section */

/* Begin PBXVariantGroup section */
		D3F84A601BFAC86300541D4E /* Main.storyboard */ = {
			isa = PBXVariantGroup;
			children = (
				D3F84A611BFAC86300541D4E /* Base */,
			);
			name = Main.storyboard;
			sourceTree = "<group>";
		};
		D3F84A651BFAC86300541D4E /* LaunchScreen.storyboard */ = {
			isa = PBXVariantGroup;
			children = (
				D3F84A661BFAC86300541D4E /* Base */,
			);
			name = LaunchScreen.storyboard;
			sourceTree = "<group>";
		};
/* End PBXVariantGroup section */

/* Begin XCBuildConfiguration section */
		D3F84A691BFAC86300541D4E /* Debug */ = {
			isa = XCBuildConfiguration;
			buildSettings = {
				ALWAYS_SEARCH_USER_PATHS = NO;
				CLANG_CXX_LANGUAGE_STANDARD = "gnu++0x";
				CLANG_CXX_LIBRARY = "libc++";
				CLANG_ENABLE_MODULES = YES;
				CLANG_ENABLE_OBJC_ARC = YES;
				CLANG_WARN_BOOL_CONVERSION = YES;
				CLANG_WARN_CONSTANT_CONVERSION = YES;
				CLANG_WARN_DIRECT_OBJC_ISA_USAGE = YES_ERROR;
				CLANG_WARN_EMPTY_BODY = YES;
				CLANG_WARN_ENUM_CONVERSION = YES;
				CLANG_WARN_INT_CONVERSION = YES;
				CLANG_WARN_OBJC_ROOT_CLASS = YES_ERROR;
				CLANG_WARN_UNREACHABLE_CODE = YES;
				CLANG_WARN__DUPLICATE_METHOD_MATCH = YES;
				"CODE_SIGN_IDENTITY[sdk=iphoneos*]" = "iPhone Developer";
				COPY_PHASE_STRIP = NO;
				DEBUG_INFORMATION_FORMAT = dwarf;
				ENABLE_STRICT_OBJC_MSGSEND = YES;
				ENABLE_TESTABILITY = YES;
				GCC_C_LANGUAGE_STANDARD = gnu99;
				GCC_DYNAMIC_NO_PIC = NO;
				GCC_NO_COMMON_BLOCKS = YES;
				GCC_OPTIMIZATION_LEVEL = 0;
				GCC_PREPROCESSOR_DEFINITIONS = (
					"DEBUG=1",
					"$(inherited)",
				);
				GCC_WARN_64_TO_32_BIT_CONVERSION = YES;
				GCC_WARN_ABOUT_RETURN_TYPE = YES_ERROR;
				GCC_WARN_UNDECLARED_SELECTOR = YES;
				GCC_WARN_UNINITIALIZED_AUTOS = YES_AGGRESSIVE;
				GCC_WARN_UNUSED_FUNCTION = YES;
				GCC_WARN_UNUSED_VARIABLE = YES;
				IPHONEOS_DEPLOYMENT_TARGET = 9.1;
				MTL_ENABLE_DEBUG_INFO = YES;
				ONLY_ACTIVE_ARCH = YES;
				SDKROOT = iphoneos;
			};
			name = Debug;
		};
		D3F84A6A1BFAC86300541D4E /* Release */ = {
			isa = XCBuildConfiguration;
			buildSettings = {
				ALWAYS_SEARCH_USER_PATHS = NO;
				CLANG_CXX_LANGUAGE_STANDARD = "gnu++0x";
				CLANG_CXX_LIBRARY = "libc++";
				CLANG_ENABLE_MODULES = YES;
				CLANG_ENABLE_OBJC_ARC = YES;
				CLANG_WARN_BOOL_CONVERSION = YES;
				CLANG_WARN_CONSTANT_CONVERSION = YES;
				CLANG_WARN_DIRECT_OBJC_ISA_USAGE = YES_ERROR;
				CLANG_WARN_EMPTY_BODY = YES;
				CLANG_WARN_ENUM_CONVERSION = YES;
				CLANG_WARN_INT_CONVERSION = YES;
				CLANG_WARN_OBJC_ROOT_CLASS = YES_ERROR;
				CLANG_WARN_UNREACHABLE_CODE = YES;
				CLANG_WARN__DUPLICATE_METHOD_MATCH = YES;
				"CODE_SIGN_IDENTITY[sdk=iphoneos*]" = "iPhone Developer";
				COPY_PHASE_STRIP = NO;
				DEBUG_INFORMATION_FORMAT = "dwarf-with-dsym";
				ENABLE_NS_ASSERTIONS = NO;
				ENABLE_STRICT_OBJC_MSGSEND = YES;
				GCC_C_LANGUAGE_STANDARD = gnu99;
				GCC_NO_COMMON_BLOCKS = YES;
				GCC_WARN_64_TO_32_BIT_CONVERSION = YES;
				GCC_WARN_ABOUT_RETURN_TYPE = YES_ERROR;
				GCC_WARN_UNDECLARED_SELECTOR = YES;
				GCC_WARN_UNINITIALIZED_AUTOS = YES_AGGRESSIVE;
				GCC_WARN_UNUSED_FUNCTION = YES;
				GCC_WARN_UNUSED_VARIABLE = YES;
				IPHONEOS_DEPLOYMENT_TARGET = 9.1;
				MTL_ENABLE_DEBUG_INFO = NO;
				SDKROOT = iphoneos;
				VALIDATE_PRODUCT = YES;
			};
			name = Release;
		};
		D3F84A6C1BFAC86300541D4E /* Debug */ = {
			isa = XCBuildConfiguration;
			buildSettings = {
				ASSETCATALOG_COMPILER_APPICON_NAME = AppIcon;
				CODE_SIGN_IDENTITY = "iPhone Developer: Yang Wang (K372262268)";
				INFOPLIST_FILE = "刷新/Info.plist";
				LD_RUNPATH_SEARCH_PATHS = "$(inherited) @executable_path/Frameworks";
				PRODUCT_BUNDLE_IDENTIFIER = com.JXHB.datebao;
				PRODUCT_NAME = "$(TARGET_NAME)";
				PROVISIONING_PROFILE = "5824dded-7ab5-4ce9-a14f-25e7187d050b";
			};
			name = Debug;
		};
		D3F84A6D1BFAC86300541D4E /* Release */ = {
			isa = XCBuildConfiguration;
			buildSettings = {
				ASSETCATALOG_COMPILER_APPICON_NAME = AppIcon;
				CODE_SIGN_IDENTITY = "iPhone Developer: Yang Wang (K372262268)";
				INFOPLIST_FILE = "刷新/Info.plist";
				LD_RUNPATH_SEARCH_PATHS = "$(inherited) @executable_path/Frameworks";
				PRODUCT_BUNDLE_IDENTIFIER = com.JXHB.datebao;
				PRODUCT_NAME = "$(TARGET_NAME)";
				PROVISIONING_PROFILE = "5824dded-7ab5-4ce9-a14f-25e7187d050b";
			};
			name = Release;
		};
/* End XCBuildConfiguration section */

/* Begin XCConfigurationList section */
		D3F84A4F1BFAC86200541D4E /* Build configuration list for PBXProject "刷新" */ = {
			isa = XCConfigurationList;
			buildConfigurations = (
				D3F84A691BFAC86300541D4E /* Debug */,
				D3F84A6A1BFAC86300541D4E /* Release */,
			);
			defaultConfigurationIsVisible = 0;
			defaultConfigurationName = Release;
		};
		D3F84A6B1BFAC86300541D4E /* Build configuration list for PBXNativeTarget "刷新" */ = {
			isa = XCConfigurationList;
			buildConfigurations = (
				D3F84A6C1BFAC86300541D4E /* Debug */,
				D3F84A6D1BFAC86300541D4E /* Release */,
			);
			defaultConfigurationIsVisible = 0;
			defaultConfigurationName = Release;
		};
/* End XCConfigurationList section */
	};
	rootObject = D3F84A4C1BFAC86200541D4E /* Project object */;
}
